<?xml version="1.0" encoding="utf-8"?>
<Project ToolsVersion="4.0" xmlns="http://schemas.microsoft.com/developer/msbuild/2003">
  <ItemGroup>
    <Filter Include="Source Files">
      <UniqueIdentifier>{4FC737F1-C7A5-4376-A066-2A32D752A2FF}</UniqueIdentifier>
      <Extensions>cpp;c;cc;cxx;def;odl;idl;hpj;bat;asm;asmx</Extensions>
    </Filter>
    <Filter Include="Header Files">
      <UniqueIdentifier>{93995380-89BD-4b04-88EB-625FBE52EBFB}</UniqueIdentifier>
      <Extensions>h;hh;hpp;hxx;hm;inl;inc;xsd</Extensions>
    </Filter>
    <Filter Include="Resource Files">
      <UniqueIdentifier>{67DA6AB6-F800-4c08-8B7A-83BB121AAD01}</UniqueIdentifier>
      <Extensions>rc;ico;cur;bmp;dlg;rc2;rct;bin;rgs;gif;jpg;jpeg;jpe;resx;tiff;tif;png;wav;mfcribbon-ms</Extensions>
    </Filter>
    <Filter Include="Header Files\States">
      <UniqueIdentifier>{3ddcf1f8-286e-42b7-bf02-8d241d64398b}</UniqueIdentifier>
    </Filter>
    <Filter Include="Source Files\States">
      <UniqueIdentifier>{8fe04094-b470-4411-a698-2fbf3d823247}</UniqueIdentifier>
    </Filter>
    <Filter Include="Source Files\Managers">
      <UniqueIdentifier>{04817845-c8ab-43e0-af49-ef9506c1397f}</UniqueIdentifier>
    </Filter>
    <Filter Include="Header Files\Managers">
      <UniqueIdentifier>{03fd129c-f59a-43d6-9a61-7c3fee972a06}</UniqueIdentifier>
    </Filter>
    <Filter Include="Source Files\Libraries">
      <UniqueIdentifier>{8be55a50-a44e-493d-afc8-1fa77d340878}</UniqueIdentifier>
    </Filter>
    <Filter Include="Header Files\Libraries">
      <UniqueIdentifier>{a6501554-17bc-425d-bffe-d45757bee1aa}</UniqueIdentifier>
    </Filter>
    <Filter Include="Source Files\Sprites">
      <UniqueIdentifier>{6ecc358a-a86d-4d6c-a0f3-a3476de3cde4}</UniqueIdentifier>
    </Filter>
    <Filter Include="Header Files\Sprites">
      <UniqueIdentifier>{bb86ce1f-a9a0-4373-9652-99e3a2ea3008}</UniqueIdentifier>
    </Filter>
    <Filter Include="Source Files\Observers">
      <UniqueIdentifier>{2177c7aa-89a1-418a-b17a-ca89f34d57de}</UniqueIdentifier>
    </Filter>
    <Filter Include="Header Files\Observers">
      <UniqueIdentifier>{ebb90a82-345f-454a-a52c-8a856dfcb8e6}</UniqueIdentifier>
    </Filter>
  </ItemGroup>
  <ItemGroup>
    <ClCompile Include="main.cpp">
      <Filter>Source Files</Filter>
    </ClCompile>
    <ClCompile Include="Animation.cpp">
      <Filter>Source Files</Filter>
    </ClCompile>
    <ClCompile Include="Collision.cpp">
      <Filter>Source Files</Filter>
    </ClCompile>
    <ClCompile Include="Game.cpp">
      <Filter>Source Files</Filter>
    </ClCompile>
    <ClCompile Include="Definitions.cpp">
      <Filter>Source Files</Filter>
    </ClCompile>
    <ClCompile Include="SplashState.cpp">
      <Filter>Source Files\States</Filter>
    </ClCompile>
    <ClCompile Include="MainMenuState.cpp">
      <Filter>Source Files\States</Filter>
    </ClCompile>
    <ClCompile Include="GameState.cpp">
      <Filter>Source Files\States</Filter>
    </ClCompile>
    <ClCompile Include="AssetManager.cpp">
      <Filter>Source Files\Managers</Filter>
    </ClCompile>
    <ClCompile Include="InputManager.cpp">
      <Filter>Source Files\Managers</Filter>
    </ClCompile>
    <ClCompile Include="GameManager.cpp">
      <Filter>Source Files\Managers</Filter>
    </ClCompile>
    <ClCompile Include="pugixml.cpp">
      <Filter>Source Files\Libraries</Filter>
    </ClCompile>
    <ClCompile Include="Ufo.cpp">
      <Filter>Source Files\Sprites</Filter>
    </ClCompile>
    <ClCompile Include="Missle.cpp">
      <Filter>Source Files\Sprites</Filter>
    </ClCompile>
    <ClCompile Include="Invader.cpp">
      <Filter>Source Files\Sprites</Filter>
    </ClCompile>
    <ClCompile Include="Character.cpp">
      <Filter>Source Files\Sprites</Filter>
    </ClCompile>
    <ClCompile Include="DeathObserver.cpp">
      <Filter>Source Files\Observers</Filter>
    </ClCompile>
    <ClCompile Include="Observer.cpp">
      <Filter>Source Files\Observers</Filter>
    </ClCompile>
    <ClCompile Include="SpriteObject.cpp">
      <Filter>Source Files\Sprites</Filter>
    </ClCompile>
    <ClCompile Include="StateMachine.cpp">
      <Filter>Source Files\States</Filter>
    </ClCompile>
    <ClCompile Include="Defence.cpp">
      <Filter>Source Files\Sprites</Filter>
    </ClCompile>
    <ClCompile Include="SpriteManager.cpp">
      <Filter>Source Files\Managers</Filter>
    </ClCompile>
  </ItemGroup>
  <ItemGroup>
    <ClInclude Include="Animation.h">
      <Filter>Header Files</Filter>
    </ClInclude>
    <ClInclude Include="Collision.h">
      <Filter>Header Files</Filter>
    </ClInclude>
    <ClInclude Include="Game.h">
      <Filter>Header Files</Filter>
    </ClInclude>
    <ClInclude Include="Definitions.h">
      <Filter>Header Files</Filter>
    </ClInclude>
    <ClInclude Include="SplashState.h">
      <Filter>Header Files\States</Filter>
    </ClInclude>
    <ClInclude Include="MainMenuState.h">
      <Filter>Header Files\States</Filter>
    </ClInclude>
    <ClInclude Include="GameState.h">
      <Filter>Header Files\States</Filter>
    </ClInclude>
    <ClInclude Include="State.h">
      <Filter>Header Files\States</Filter>
    </ClInclude>
    <ClInclude Include="GameManager.h">
      <Filter>Header Files\Managers</Filter>
    </ClInclude>
    <ClInclude Include="InputManager.h">
      <Filter>Header Files\Managers</Filter>
    </ClInclude>
    <ClInclude Include="AssetManager.h">
      <Filter>Header Files\Managers</Filter>
    </ClInclude>
    <ClInclude Include="pugiconfig.hpp">
      <Filter>Header Files\Libraries</Filter>
    </ClInclude>
    <ClInclude Include="pugixml.hpp">
      <Filter>Header Files\Libraries</Filter>
    </ClInclude>
    <ClInclude Include="SpriteObject.h">
      <Filter>Header Files\Sprites</Filter>
    </ClInclude>
    <ClInclude Include="Ufo.h">
      <Filter>Header Files\Sprites</Filter>
    </ClInclude>
    <ClInclude Include="Missle.h">
      <Filter>Header Files\Sprites</Filter>
    </ClInclude>
    <ClInclude Include="Invader.h">
      <Filter>Header Files\Sprites</Filter>
    </ClInclude>
    <ClInclude Include="Character.h">
      <Filter>Header Files\Sprites</Filter>
    </ClInclude>
    <ClInclude Include="DeathObserver.h">
      <Filter>Header Files\Observers</Filter>
    </ClInclude>
    <ClInclude Include="Observer.h">
      <Filter>Header Files\Observers</Filter>
    </ClInclude>
    <ClInclude Include="StateMachine.h">
      <Filter>Header Files\States</Filter>
    </ClInclude>
    <ClInclude Include="Defence.h">
      <Filter>Header Files\Sprites</Filter>
    </ClInclude>
    <ClInclude Include="SpriteManager.h">
      <Filter>Header Files\Managers</Filter>
    </ClInclude>
  </ItemGroup>
</Project>